
Microsoft Visual Studio Solution File, Format Version 12.00
# Visual Studio Version 17
VisualStudioVersion = 17.10.35122.118
MinimumVisualStudioVersion = 10.0.40219.1
Project("{9A19103F-16F7-4668-BE54-9A1E7A4F7556}") = "Library Management System", "Library Management System.csproj", "{EDB3E2CB-0113-42F1-AAF6-730465DEFF9F}"
EndProject
Project("{FAE04EC0-301F-11D3-BF4B-00C04F79EFBC}") = "PROGRAMMING 742 ASSIGNMENT QUESTION 1 LMS", "..\PROGRAMMING 742 ASSIGNMENT QUESTION 1 LMS\PROGRAMMING 742 ASSIGNMENT QUESTION 1 LMS.csproj", "{9D82CCDA-417D-48EB-AC7D-6EAD63ACE879}"
EndProject
Project("{FAE04EC0-301F-11D3-BF4B-00C04F79EFBC}") = "Online Retail Store Question 2", "..\Online Retail Store Question 2\Online Retail Store Question 2.csproj", "{D6A58DE1-C86A-434B-A71D-4B510D74F107}"
EndProject
Global
	GlobalSection(SolutionConfigurationPlatforms) = preSolution
		Debug|Any CPU = Debug|Any CPU
		Release|Any CPU = Release|Any CPU
	EndGlobalSection
	GlobalSection(ProjectConfigurationPlatforms) = postSolution
		{EDB3E2CB-0113-42F1-AAF6-730465DEFF9F}.Debug|Any CPU.ActiveCfg = Debug|Any CPU
		{EDB3E2CB-0113-42F1-AAF6-730465DEFF9F}.Debug|Any CPU.Build.0 = Debug|Any CPU
		{EDB3E2CB-0113-42F1-AAF6-730465DEFF9F}.Release|Any CPU.ActiveCfg = Release|Any CPU
		{EDB3E2CB-0113-42F1-AAF6-730465DEFF9F}.Release|Any CPU.Build.0 = Release|Any CPU
		{9D82CCDA-417D-48EB-AC7D-6EAD63ACE879}.Debug|Any CPU.ActiveCfg = Debug|Any CPU
		{9D82CCDA-417D-48EB-AC7D-6EAD63ACE879}.Debug|Any CPU.Build.0 = Debug|Any CPU
		{9D82CCDA-417D-48EB-AC7D-6EAD63ACE879}.Release|Any CPU.ActiveCfg = Release|Any CPU
		{9D82CCDA-417D-48EB-AC7D-6EAD63ACE879}.Release|Any CPU.Build.0 = Release|Any CPU
		{D6A58DE1-C86A-434B-A71D-4B510D74F107}.Debug|Any CPU.ActiveCfg = Debug|Any CPU
		{D6A58DE1-C86A-434B-A71D-4B510D74F107}.Debug|Any CPU.Build.0 = Debug|Any CPU
		{D6A58DE1-C86A-434B-A71D-4B510D74F107}.Release|Any CPU.ActiveCfg = Release|Any CPU
		{D6A58DE1-C86A-434B-A71D-4B510D74F107}.Release|Any CPU.Build.0 = Release|Any CPU
	EndGlobalSection
	GlobalSection(SolutionProperties) = preSolution
		HideSolutionNode = FALSE
	EndGlobalSection
	GlobalSection(ExtensibilityGlobals) = postSolution
		SolutionGuid = {EAB707B4-BD81-40A7-B9CB-C6123EC80894}
	EndGlobalSection
EndGlobal
